
Microsoft Visual Studio Solution File, Format Version 12.00
# Visual Studio Version 17
VisualStudioVersion = 17.13.35919.96
MinimumVisualStudioVersion = 10.0.40219.1
Project("{FAE04EC0-301F-11D3-BF4B-00C04F79EFBC}") = "factory-clankington", "factory-clankington.csproj", "{5D7233B9-289B-4FBF-A86E-AECF78F199B5}"
EndProject
Global
	GlobalSection(SolutionConfigurationPlatforms) = preSolution
		Debug|Any CPU = Debug|Any CPU
		Debug-Copy|Any CPU = Debug-Copy|Any CPU
		Release|Any CPU = Release|Any CPU
	EndGlobalSection
	GlobalSection(ProjectConfigurationPlatforms) = postSolution
		{5D7233B9-289B-4FBF-A86E-AECF78F199B5}.Debug|Any CPU.ActiveCfg = Debug|Any CPU
		{5D7233B9-289B-4FBF-A86E-AECF78F199B5}.Debug|Any CPU.Build.0 = Debug|Any CPU
		{5D7233B9-289B-4FBF-A86E-AECF78F199B5}.Debug-Copy|Any CPU.ActiveCfg = Debug-Copy|Any CPU
		{5D7233B9-289B-4FBF-A86E-AECF78F199B5}.Debug-Copy|Any CPU.Build.0 = Debug-Copy|Any CPU
		{5D7233B9-289B-4FBF-A86E-AECF78F199B5}.Release|Any CPU.ActiveCfg = Release|Any CPU
		{5D7233B9-289B-4FBF-A86E-AECF78F199B5}.Release|Any CPU.Build.0 = Release|Any CPU
	EndGlobalSection
	GlobalSection(SolutionProperties) = preSolution
		HideSolutionNode = FALSE
	EndGlobalSection
	GlobalSection(ExtensibilityGlobals) = postSolution
		SolutionGuid = {0EFCCA77-BEE1-4E16-B158-BD2CDD34C8DC}
	EndGlobalSection
EndGlobal
